// !$*UTF8*$!
{
	archiveVersion = 1;
	classes = {
	};
	objectVersion = 46;
	objects = {

/* Begin PBXBuildFile section */
		E9040FD4180A036300C539D7 /* Foundation.framework in Frameworks */ = {isa = PBXBuildFile; fileRef = E9040FD3180A036300C539D7 /* Foundation.framework */; };
		E9040FD7180A036300C539D7 /* main.m in Sources */ = {isa = PBXBuildFile; fileRef = E9040FD6180A036300C539D7 /* main.m */; };
		E9040FDB180A036300C539D7 /* Three_Dimensional_Vector.1 in CopyFiles */ = {isa = PBXBuildFile; fileRef = E9040FDA180A036300C539D7 /* Three_Dimensional_Vector.1 */; };
		E9040FE3180A04C500C539D7 /* Vector.m in Sources */ = {isa = PBXBuildFile; fileRef = E9040FE2180A04C500C539D7 /* Vector.m */; };
/* End PBXBuildFile section */

/* Begin PBXCopyFilesBuildPhase section */
		E9040FCE180A036300C539D7 /* CopyFiles */ = {
			isa = PBXCopyFilesBuildPhase;
			buildActionMask = 2147483647;
			dstPath = /usr/share/man/man1/;
			dstSubfolderSpec = 0;
			files = (
				E9040FDB180A036300C539D7 /* Three_Dimensional_Vector.1 in CopyFiles */,
			);
			runOnlyForDeploymentPostprocessing = 1;
		};
/* End PBXCopyFilesBuildPhase section */

/* Begin PBXFileReference section */
		E9040FD0180A036300C539D7 /* Three Dimensional Vector */ = {isa = PBXFileReference; explicitFileType = "compiled.mach-o.executable"; includeInIndex = 0; path = "Three Dimensional Vector"; sourceTree = BUILT_PRODUCTS_DIR; };
		E9040FD3180A036300C539D7 /* Foundation.framework */ = {isa = PBXFileReference; lastKnownFileType = wrapper.framework; name = Foundation.framework; path = System/Library/Frameworks/Foundation.framework; sourceTree = SDKROOT; };
		E9040FD6180A036300C539D7 /* main.m */ = {isa = PBXFileReference; lastKnownFileType = sourcecode.c.objc; path = main.m; sourceTree = "<group>"; };
		E9040FD9180A036300C539D7 /* Three Dimensional Vector-Prefix.pch */ = {isa = PBXFileReference; lastKnownFileType = sourcecode.c.h; path = "Three Dimensional Vector-Prefix.pch"; sourceTree = "<group>"; };
		E9040FDA180A036300C539D7 /* Three_Dimensional_Vector.1 */ = {isa = PBXFileReference; lastKnownFileType = text.man; path = Three_Dimensional_Vector.1; sourceTree = "<group>"; };
		E9040FE1180A04C500C539D7 /* Vector.h */ = {isa = PBXFileReference; fileEncoding = 4; lastKnownFileType = sourcecode.c.h; path = Vector.h; sourceTree = "<group>"; };
		E9040FE2180A04C500C539D7 /* Vector.m */ = {isa = PBXFileReference; fileEncoding = 4; lastKnownFileType = sourcecode.c.objc; path = Vector.m; sourceTree = "<group>"; };
/* End PBXFileReference section */

/* Begin PBXFrameworksBuildPhase section */
		E9040FCD180A036300C539D7 /* Frameworks */ = {
			isa = PBXFrameworksBuildPhase;
			buildActionMask = 2147483647;
			files = (
				E9040FD4180A036300C539D7 /* Foundation.framework in Frameworks */,
			);
			runOnlyForDeploymentPostprocessing = 0;
		};
/* End PBXFrameworksBuildPhase section */

/* Begin PBXGroup section */
		E9040FC7180A036300C539D7 = {
			isa = PBXGroup;
			children = (
				E9040FE1180A04C500C539D7 /* Vector.h */,
				E9040FE2180A04C500C539D7 /* Vector.m */,
				E9040FD5180A036300C539D7 /* Three Dimensional Vector */,
				E9040FD2180A036300C539D7 /* Frameworks */,
				E9040FD1180A036300C539D7 /* Products */,
			);
			sourceTree = "<group>";
		};
		E9040FD1180A036300C539D7 /* Products */ = {
			isa = PBXGroup;
			children = (
				E9040FD0180A036300C539D7 /* Three Dimensional Vector */,
			);
			name = Products;
			sourceTree = "<group>";
		};
		E9040FD2180A036300C539D7 /* Frameworks */ = {
			isa = PBXGroup;
			children = (
				E9040FD3180A036300C539D7 /* Foundation.framework */,
			);
			name = Frameworks;
			sourceTree = "<group>";
		};
		E9040FD5180A036300C539D7 /* Three Dimensional Vector */ = {
			isa = PBXGroup;
			children = (
				E9040FD6180A036300C539D7 /* main.m */,
				E9040FDA180A036300C539D7 /* Three_Dimensional_Vector.1 */,
				E9040FD8180A036300C539D7 /* Supporting Files */,
			);
			path = "Three Dimensional Vector";
			sourceTree = "<group>";
		};
		E9040FD8180A036300C539D7 /* Supporting Files */ = {
			isa = PBXGroup;
			children = (
				E9040FD9180A036300C539D7 /* Three Dimensional Vector-Prefix.pch */,
			);
			name = "Supporting Files";
			sourceTree = "<group>";
		};
/* End PBXGroup section */

/* Begin PBXNativeTarget section */
		E9040FCF180A036300C539D7 /* Three Dimensional Vector */ = {
			isa = PBXNativeTarget;
			buildConfigurationList = E9040FDE180A036300C539D7 /* Build configuration list for PBXNativeTarget "Three Dimensional Vector" */;
			buildPhases = (
				E9040FCC180A036300C539D7 /* Sources */,
				E9040FCD180A036300C539D7 /* Frameworks */,
				E9040FCE180A036300C539D7 /* CopyFiles */,
			);
			buildRules = (
			);
			dependencies = (
			);
			name = "Three Dimensional Vector";
			productName = "Three Dimensional Vector";
			productReference = E9040FD0180A036300C539D7 /* Three Dimensional Vector */;
			productType = "com.apple.product-type.tool";
		};
/* End PBXNativeTarget section */

/* Begin PBXProject section */
		E9040FC8180A036300C539D7 /* Project object */ = {
			isa = PBXProject;
			attributes = {
				LastUpgradeCheck = 0460;
				ORGANIZATIONNAME = Khalid;
			};
			buildConfigurationList = E9040FCB180A036300C539D7 /* Build configuration list for PBXProject "Three Dimensional Vector" */;
			compatibilityVersion = "Xcode 3.2";
			developmentRegion = English;
			hasScannedForEncodings = 0;
			knownRegions = (
				en,
			);
			mainGroup = E9040FC7180A036300C539D7;
			productRefGroup = E9040FD1180A036300C539D7 /* Products */;
			projectDirPath = "";
			projectRoot = "";
			targets = (
				E9040FCF180A036300C539D7 /* Three Dimensional Vector */,
			);
		};
/* End PBXProject section */

/* Begin PBXSourcesBuildPhase section */
		E9040FCC180A036300C539D7 /* Sources */ = {
			isa = PBXSourcesBuildPhase;
			buildActionMask = 2147483647;
			files = (
				E9040FD7180A036300C539D7 /* main.m in Sources */,
				E9040FE3180A04C500C539D7 /* Vector.m in Sources */,
			);
			runOnlyForDeploymentPostprocessing = 0;
		};
/* End PBXSourcesBuildPhase section */

/* Begin XCBuildConfiguration section */
		E9040FDC180A036300C539D7 /* Debug */ = {
			isa = XCBuildConfiguration;
			buildSettings = {
				ALWAYS_SEARCH_USER_PATHS = NO;
				ARCHS = "$(ARCHS_STANDARD_64_BIT)";
				CLANG_CXX_LANGUAGE_STANDARD = "gnu++0x";
				CLANG_CXX_LIBRARY = "libc++";
				CLANG_WARN_CONSTANT_CONVERSION = YES;
				CLANG_WARN_EMPTY_BODY = YES;
				CLANG_WARN_ENUM_CONVERSION = YES;
				CLANG_WARN_INT_CONVERSION = YES;
				CLANG_WARN__DUPLICATE_METHOD_MATCH = YES;
				COPY_PHASE_STRIP = NO;
				GCC_C_LANGUAGE_STANDARD = gnu99;
				GCC_DYNAMIC_NO_PIC = NO;
				GCC_ENABLE_OBJC_EXCEPTIONS = YES;
				GCC_OPTIMIZATION_LEVEL = 0;
				GCC_PREPROCESSOR_DEFINITIONS = (
					"DEBUG=1",
					"$(inherited)",
				);
				GCC_SYMBOLS_PRIVATE_EXTERN = NO;
				GCC_WARN_64_TO_32_BIT_CONVERSION = YES;
				GCC_WARN_ABOUT_RETURN_TYPE = YES;
				GCC_WARN_UNINITIALIZED_AUTOS = YES;
				GCC_WARN_UNUSED_VARIABLE = YES;
				MACOSX_DEPLOYMENT_TARGET = 10.8;
				ONLY_ACTIVE_ARCH = YES;
				SDKROOT = macosx;
			};
			name = Debug;
		};
		E9040FDD180A036300C539D7 /* Release */ = {
			isa = XCBuildConfiguration;
			buildSettings = {
				ALWAYS_SEARCH_USER_PATHS = NO;
				ARCHS = "$(ARCHS_STANDARD_64_BIT)";
				CLANG_CXX_LANGUAGE_STANDARD = "gnu++0x";
				CLANG_CXX_LIBRARY = "libc++";
				CLANG_WARN_CONSTANT_CONVERSION = YES;
				CLANG_WARN_EMPTY_BODY = YES;
				CLANG_WARN_ENUM_CONVERSION = YES;
				CLANG_WARN_INT_CONVERSION = YES;
				CLANG_WARN__DUPLICATE_METHOD_MATCH = YES;
				COPY_PHASE_STRIP = YES;
				DEBUG_INFORMATION_FORMAT = "dwarf-with-dsym";
				GCC_C_LANGUAGE_STANDARD = gnu99;
				GCC_ENABLE_OBJC_EXCEPTIONS = YES;
				GCC_WARN_64_TO_32_BIT_CONVERSION = YES;
				GCC_WARN_ABOUT_RETURN_TYPE = YES;
				GCC_WARN_UNINITIALIZED_AUTOS = YES;
				GCC_WARN_UNUSED_VARIABLE = YES;
				MACOSX_DEPLOYMENT_TARGET = 10.8;
				SDKROOT = macosx;
			};
			name = Release;
		};
		E9040FDF180A036300C539D7 /* Debug */ = {
			isa = XCBuildConfiguration;
			buildSettings = {
				GCC_PRECOMPILE_PREFIX_HEADER = YES;
				GCC_PREFIX_HEADER = "Three Dimensional Vector/Three Dimensional Vector-Prefix.pch";
				PRODUCT_NAME = "$(TARGET_NAME)";
			};
			name = Debug;
		};
		E9040FE0180A036300C539D7 /* Release */ = {
			isa = XCBuildConfiguration;
			buildSettings = {
				GCC_PRECOMPILE_PREFIX_HEADER = YES;
				GCC_PREFIX_HEADER = "Three Dimensional Vector/Three Dimensional Vector-Prefix.pch";
				PRODUCT_NAME = "$(TARGET_NAME)";
			};
			name = Release;
		};
/* End XCBuildConfiguration section */

/* Begin XCConfigurationList section */
		E9040FCB180A036300C539D7 /* Build configuration list for PBXProject "Three Dimensional Vector" */ = {
			isa = XCConfigurationList;
			buildConfigurations = (
				E9040FDC180A036300C539D7 /* Debug */,
				E9040FDD180A036300C539D7 /* Release */,
			);
			defaultConfigurationIsVisible = 0;
			defaultConfigurationName = Release;
		};
		E9040FDE180A036300C539D7 /* Build configuration list for PBXNativeTarget "Three Dimensional Vector" */ = {
			isa = XCConfigurationList;
			buildConfigurations = (
				E9040FDF180A036300C539D7 /* Debug */,
				E9040FE0180A036300C539D7 /* Release */,
			);
			defaultConfigurationIsVisible = 0;
		};
/* End XCConfigurationList section */
	};
	rootObject = E9040FC8180A036300C539D7 /* Project object */;
}
